
Microsoft Visual Studio Solution File, Format Version 12.00
# Visual Studio Version 17
VisualStudioVersion = 17.10.35122.118
MinimumVisualStudioVersion = 10.0.40219.1
Project("{FAE04EC0-301F-11D3-BF4B-00C04F79EFBC}") = "CRUD", "CRUD\CRUD.csproj", "{467B7088-3BC8-4F3E-B59E-EED73C255AB2}"
EndProject
Global
	GlobalSection(SolutionConfigurationPlatforms) = preSolution
		Debug|Any CPU = Debug|Any CPU
		Release|Any CPU = Release|Any CPU
	EndGlobalSection
	GlobalSection(ProjectConfigurationPlatforms) = postSolution
		{467B7088-3BC8-4F3E-B59E-EED73C255AB2}.Debug|Any CPU.ActiveCfg = Debug|Any CPU
		{467B7088-3BC8-4F3E-B59E-EED73C255AB2}.Debug|Any CPU.Build.0 = Debug|Any CPU
		{467B7088-3BC8-4F3E-B59E-EED73C255AB2}.Release|Any CPU.ActiveCfg = Release|Any CPU
		{467B7088-3BC8-4F3E-B59E-EED73C255AB2}.Release|Any CPU.Build.0 = Release|Any CPU
	EndGlobalSection
	GlobalSection(SolutionProperties) = preSolution
		HideSolutionNode = FALSE
	EndGlobalSection
	GlobalSection(ExtensibilityGlobals) = postSolution
		SolutionGuid = {E0DD6791-0E5C-408F-8817-6C09EA8189BE}
	EndGlobalSection
EndGlobal
